// !$*UTF8*$!
{
	archiveVersion = 1;
	classes = {
	};
	objectVersion = 46;
	objects = {

/* Begin PBXBuildFile section */
		C08745FC9E943C13AA2262DE /* Pods_ChatPedia.framework in Frameworks */ = {isa = PBXBuildFile; fileRef = 00E15C9177AACB7F1616434E /* Pods_ChatPedia.framework */; };
		C34F57761C815E31001B7D9F /* ChatTableViewController.swift in Sources */ = {isa = PBXBuildFile; fileRef = C34F57751C815E31001B7D9F /* ChatTableViewController.swift */; };
		C34F57781C815E58001B7D9F /* ChatTableViewCell.swift in Sources */ = {isa = PBXBuildFile; fileRef = C34F57771C815E58001B7D9F /* ChatTableViewCell.swift */; };
		C34F577A1C8161BA001B7D9F /* Utilities.storyboard in Resources */ = {isa = PBXBuildFile; fileRef = C34F57791C8161BA001B7D9F /* Utilities.storyboard */; };
		C34F577C1C816231001B7D9F /* GlobalEnums.swift in Sources */ = {isa = PBXBuildFile; fileRef = C34F577B1C816231001B7D9F /* GlobalEnums.swift */; };
		C34F577E1C8166B1001B7D9F /* CurrentUser.swift in Sources */ = {isa = PBXBuildFile; fileRef = C34F577D1C8166B1001B7D9F /* CurrentUser.swift */; };
		C34F57801C816969001B7D9F /* ChatMessage.swift in Sources */ = {isa = PBXBuildFile; fileRef = C34F577F1C816969001B7D9F /* ChatMessage.swift */; };
		C34F57821C816D75001B7D9F /* CoreFirebaseData.swift in Sources */ = {isa = PBXBuildFile; fileRef = C34F57811C816D75001B7D9F /* CoreFirebaseData.swift */; };
		C34F57841C8180DB001B7D9F /* HandleAuthProtocol.swift in Sources */ = {isa = PBXBuildFile; fileRef = C34F57831C8180DB001B7D9F /* HandleAuthProtocol.swift */; };
		C3D893E11C828DCF00D0A296 /* SweetAlert.swift in Sources */ = {isa = PBXBuildFile; fileRef = C3D893E01C828DCF00D0A296 /* SweetAlert.swift */; };
		C3D893E31C828E0E00D0A296 /* LinearProgressBar.swift in Sources */ = {isa = PBXBuildFile; fileRef = C3D893E21C828E0E00D0A296 /* LinearProgressBar.swift */; };
		D44B85951C82F43A00A793B1 /* ExploreDetailTableViewController.swift in Sources */ = {isa = PBXBuildFile; fileRef = D44B85941C82F43A00A793B1 /* ExploreDetailTableViewController.swift */; };
		D44B85971C82F49C00A793B1 /* ExploreDetailTableViewCell.swift in Sources */ = {isa = PBXBuildFile; fileRef = D44B85961C82F49C00A793B1 /* ExploreDetailTableViewCell.swift */; };
		D44B85991C83347000A793B1 /* DetailTripVC.swift in Sources */ = {isa = PBXBuildFile; fileRef = D44B85981C83347000A793B1 /* DetailTripVC.swift */; };
		D48703091C81ACB100E4775E /* LemonMilk.otf in Resources */ = {isa = PBXBuildFile; fileRef = D48703081C81ACB100E4775E /* LemonMilk.otf */; };
		D487030B1C81ACBC00E4775E /* CaviarDreams.ttf in Resources */ = {isa = PBXBuildFile; fileRef = D487030A1C81ACBC00E4775E /* CaviarDreams.ttf */; };
		D487030E1C82457800E4775E /* FavoritesTableViewController.swift in Sources */ = {isa = PBXBuildFile; fileRef = D487030D1C82457800E4775E /* FavoritesTableViewController.swift */; };
		D48703101C82463400E4775E /* FavoritesTableViewCell.swift in Sources */ = {isa = PBXBuildFile; fileRef = D487030F1C82463400E4775E /* FavoritesTableViewCell.swift */; };
		D48703121C82469400E4775E /* FavoritesCellImpl.swift in Sources */ = {isa = PBXBuildFile; fileRef = D48703111C82469400E4775E /* FavoritesCellImpl.swift */; };
		D48703141C82C1A200E4775E /* ExploreTableViewController.swift in Sources */ = {isa = PBXBuildFile; fileRef = D48703131C82C1A200E4775E /* ExploreTableViewController.swift */; };
		D48703161C82C29A00E4775E /* ExploreTableViewCell.swift in Sources */ = {isa = PBXBuildFile; fileRef = D48703151C82C29A00E4775E /* ExploreTableViewCell.swift */; };
		EC81FA831C81551300CDA20B /* AppDelegate.swift in Sources */ = {isa = PBXBuildFile; fileRef = EC81FA821C81551300CDA20B /* AppDelegate.swift */; };
		EC81FA851C81551300CDA20B /* LoginViewController.swift in Sources */ = {isa = PBXBuildFile; fileRef = EC81FA841C81551300CDA20B /* LoginViewController.swift */; };
		EC81FA871C81551300CDA20B /* ChatViewController.swift in Sources */ = {isa = PBXBuildFile; fileRef = EC81FA861C81551300CDA20B /* ChatViewController.swift */; };
		EC81FA8A1C81551300CDA20B /* Main.storyboard in Resources */ = {isa = PBXBuildFile; fileRef = EC81FA881C81551300CDA20B /* Main.storyboard */; };
		EC81FA8C1C81551300CDA20B /* Assets.xcassets in Resources */ = {isa = PBXBuildFile; fileRef = EC81FA8B1C81551300CDA20B /* Assets.xcassets */; };
		EC81FA8F1C81551300CDA20B /* LaunchScreen.storyboard in Resources */ = {isa = PBXBuildFile; fileRef = EC81FA8D1C81551300CDA20B /* LaunchScreen.storyboard */; };
		EC81FA9A1C81551300CDA20B /* ChatPediaTests.swift in Sources */ = {isa = PBXBuildFile; fileRef = EC81FA991C81551300CDA20B /* ChatPediaTests.swift */; };
		EC81FAB51C8198AE00CDA20B /* FoldingCell.swift in Sources */ = {isa = PBXBuildFile; fileRef = EC81FAB21C8198AE00CDA20B /* FoldingCell.swift */; };
		EC81FAB61C8198AE00CDA20B /* TableViewBase.swift in Sources */ = {isa = PBXBuildFile; fileRef = EC81FAB31C8198AE00CDA20B /* TableViewBase.swift */; };
		EC81FAB71C8198AE00CDA20B /* Cell.swift in Sources */ = {isa = PBXBuildFile; fileRef = EC81FAB41C8198AE00CDA20B /* Cell.swift */; };
		EC81FAB91C81A3C500CDA20B /* DealLocations in Resources */ = {isa = PBXBuildFile; fileRef = EC81FAB81C81A3C500CDA20B /* DealLocations */; };
		EC81FABE1C81A57300CDA20B /* DealsTableView.swift in Sources */ = {isa = PBXBuildFile; fileRef = EC81FABD1C81A57300CDA20B /* DealsTableView.swift */; };
		EC81FAC61C81C0C400CDA20B /* ExpediaWebViewController.swift in Sources */ = {isa = PBXBuildFile; fileRef = EC81FAC51C81C0C400CDA20B /* ExpediaWebViewController.swift */; };
		ECA814391C81CF4700DEB9D8 /* OneShotLocationManager.swift in Sources */ = {isa = PBXBuildFile; fileRef = ECA814381C81CF4700DEB9D8 /* OneShotLocationManager.swift */; };
		ECA814731C821EB700DEB9D8 /* AddDatePicker.swift in Sources */ = {isa = PBXBuildFile; fileRef = ECA814721C821EB700DEB9D8 /* AddDatePicker.swift */; };
/* End PBXBuildFile section */

/* Begin PBXContainerItemProxy section */
		EC81FA961C81551300CDA20B /* PBXContainerItemProxy */ = {
			isa = PBXContainerItemProxy;
			containerPortal = EC81FA771C81551300CDA20B /* Project object */;
			proxyType = 1;
			remoteGlobalIDString = EC81FA7E1C81551300CDA20B;
			remoteInfo = ChatPedia;
		};
/* End PBXContainerItemProxy section */

/* Begin PBXFileReference section */
		00E15C9177AACB7F1616434E /* Pods_ChatPedia.framework */ = {isa = PBXFileReference; explicitFileType = wrapper.framework; includeInIndex = 0; path = Pods_ChatPedia.framework; sourceTree = BUILT_PRODUCTS_DIR; };
		39A2D3D220EC1C52785FE02B /* Pods-ChatPedia.release.xcconfig */ = {isa = PBXFileReference; includeInIndex = 1; lastKnownFileType = text.xcconfig; name = "Pods-ChatPedia.release.xcconfig"; path = "Pods/Target Support Files/Pods-ChatPedia/Pods-ChatPedia.release.xcconfig"; sourceTree = "<group>"; };
		6C02DE0493397C695909F9AE /* Pods-ChatPedia.debug.xcconfig */ = {isa = PBXFileReference; includeInIndex = 1; lastKnownFileType = text.xcconfig; name = "Pods-ChatPedia.debug.xcconfig"; path = "Pods/Target Support Files/Pods-ChatPedia/Pods-ChatPedia.debug.xcconfig"; sourceTree = "<group>"; };
		C34F57751C815E31001B7D9F /* ChatTableViewController.swift */ = {isa = PBXFileReference; fileEncoding = 4; lastKnownFileType = sourcecode.swift; path = ChatTableViewController.swift; sourceTree = "<group>"; };
		C34F57771C815E58001B7D9F /* ChatTableViewCell.swift */ = {isa = PBXFileReference; fileEncoding = 4; lastKnownFileType = sourcecode.swift; path = ChatTableViewCell.swift; sourceTree = "<group>"; };
		C34F57791C8161BA001B7D9F /* Utilities.storyboard */ = {isa = PBXFileReference; fileEncoding = 4; lastKnownFileType = file.storyboard; path = Utilities.storyboard; sourceTree = "<group>"; };
		C34F577B1C816231001B7D9F /* GlobalEnums.swift */ = {isa = PBXFileReference; fileEncoding = 4; lastKnownFileType = sourcecode.swift; path = GlobalEnums.swift; sourceTree = "<group>"; };
		C34F577D1C8166B1001B7D9F /* CurrentUser.swift */ = {isa = PBXFileReference; fileEncoding = 4; lastKnownFileType = sourcecode.swift; path = CurrentUser.swift; sourceTree = "<group>"; };
		C34F577F1C816969001B7D9F /* ChatMessage.swift */ = {isa = PBXFileReference; fileEncoding = 4; lastKnownFileType = sourcecode.swift; path = ChatMessage.swift; sourceTree = "<group>"; };
		C34F57811C816D75001B7D9F /* CoreFirebaseData.swift */ = {isa = PBXFileReference; fileEncoding = 4; lastKnownFileType = sourcecode.swift; path = CoreFirebaseData.swift; sourceTree = "<group>"; };
		C34F57831C8180DB001B7D9F /* HandleAuthProtocol.swift */ = {isa = PBXFileReference; fileEncoding = 4; lastKnownFileType = sourcecode.swift; path = HandleAuthProtocol.swift; sourceTree = "<group>"; };
		C3D893E01C828DCF00D0A296 /* SweetAlert.swift */ = {isa = PBXFileReference; fileEncoding = 4; lastKnownFileType = sourcecode.swift; path = SweetAlert.swift; sourceTree = "<group>"; };
		C3D893E21C828E0E00D0A296 /* LinearProgressBar.swift */ = {isa = PBXFileReference; fileEncoding = 4; lastKnownFileType = sourcecode.swift; path = LinearProgressBar.swift; sourceTree = "<group>"; };
		D44B85941C82F43A00A793B1 /* ExploreDetailTableViewController.swift */ = {isa = PBXFileReference; fileEncoding = 4; lastKnownFileType = sourcecode.swift; path = ExploreDetailTableViewController.swift; sourceTree = "<group>"; };
		D44B85961C82F49C00A793B1 /* ExploreDetailTableViewCell.swift */ = {isa = PBXFileReference; fileEncoding = 4; lastKnownFileType = sourcecode.swift; path = ExploreDetailTableViewCell.swift; sourceTree = "<group>"; };
		D44B85981C83347000A793B1 /* DetailTripVC.swift */ = {isa = PBXFileReference; fileEncoding = 4; lastKnownFileType = sourcecode.swift; path = DetailTripVC.swift; sourceTree = "<group>"; };
		D48703081C81ACB100E4775E /* LemonMilk.otf */ = {isa = PBXFileReference; lastKnownFileType = file; path = LemonMilk.otf; sourceTree = "<group>"; };
		D487030A1C81ACBC00E4775E /* CaviarDreams.ttf */ = {isa = PBXFileReference; lastKnownFileType = file; path = CaviarDreams.ttf; sourceTree = "<group>"; };
		D487030C1C81ACC500E4775E /* CaviarDreams_Bold.ttf */ = {isa = PBXFileReference; lastKnownFileType = file; path = CaviarDreams_Bold.ttf; sourceTree = "<group>"; };
		D487030D1C82457800E4775E /* FavoritesTableViewController.swift */ = {isa = PBXFileReference; fileEncoding = 4; lastKnownFileType = sourcecode.swift; path = FavoritesTableViewController.swift; sourceTree = "<group>"; };
		D487030F1C82463400E4775E /* FavoritesTableViewCell.swift */ = {isa = PBXFileReference; fileEncoding = 4; lastKnownFileType = sourcecode.swift; path = FavoritesTableViewCell.swift; sourceTree = "<group>"; };
		D48703111C82469400E4775E /* FavoritesCellImpl.swift */ = {isa = PBXFileReference; fileEncoding = 4; lastKnownFileType = sourcecode.swift; path = FavoritesCellImpl.swift; sourceTree = "<group>"; };
		D48703131C82C1A200E4775E /* ExploreTableViewController.swift */ = {isa = PBXFileReference; fileEncoding = 4; lastKnownFileType = sourcecode.swift; path = ExploreTableViewController.swift; sourceTree = "<group>"; };
		D48703151C82C29A00E4775E /* ExploreTableViewCell.swift */ = {isa = PBXFileReference; fileEncoding = 4; lastKnownFileType = sourcecode.swift; path = ExploreTableViewCell.swift; sourceTree = "<group>"; };
		EC81FA7F1C81551300CDA20B /* ChatPedia.app */ = {isa = PBXFileReference; explicitFileType = wrapper.application; includeInIndex = 0; path = ChatPedia.app; sourceTree = BUILT_PRODUCTS_DIR; };
		EC81FA821C81551300CDA20B /* AppDelegate.swift */ = {isa = PBXFileReference; lastKnownFileType = sourcecode.swift; path = AppDelegate.swift; sourceTree = "<group>"; };
		EC81FA841C81551300CDA20B /* LoginViewController.swift */ = {isa = PBXFileReference; lastKnownFileType = sourcecode.swift; path = LoginViewController.swift; sourceTree = "<group>"; };
		EC81FA861C81551300CDA20B /* ChatViewController.swift */ = {isa = PBXFileReference; lastKnownFileType = sourcecode.swift; path = ChatViewController.swift; sourceTree = "<group>"; };
		EC81FA891C81551300CDA20B /* Base */ = {isa = PBXFileReference; lastKnownFileType = file.storyboard; name = Base; path = Base.lproj/Main.storyboard; sourceTree = "<group>"; };
		EC81FA8B1C81551300CDA20B /* Assets.xcassets */ = {isa = PBXFileReference; lastKnownFileType = folder.assetcatalog; path = Assets.xcassets; sourceTree = "<group>"; };
		EC81FA8E1C81551300CDA20B /* Base */ = {isa = PBXFileReference; lastKnownFileType = file.storyboard; name = Base; path = Base.lproj/LaunchScreen.storyboard; sourceTree = "<group>"; };
		EC81FA901C81551300CDA20B /* Info.plist */ = {isa = PBXFileReference; lastKnownFileType = text.plist.xml; path = Info.plist; sourceTree = "<group>"; };
		EC81FA951C81551300CDA20B /* ChatPediaTests.xctest */ = {isa = PBXFileReference; explicitFileType = wrapper.cfbundle; includeInIndex = 0; path = ChatPediaTests.xctest; sourceTree = BUILT_PRODUCTS_DIR; };
		EC81FA991C81551300CDA20B /* ChatPediaTests.swift */ = {isa = PBXFileReference; lastKnownFileType = sourcecode.swift; path = ChatPediaTests.swift; sourceTree = "<group>"; };
		EC81FA9B1C81551300CDA20B /* Info.plist */ = {isa = PBXFileReference; lastKnownFileType = text.plist.xml; path = Info.plist; sourceTree = "<group>"; };
		EC81FAB21C8198AE00CDA20B /* FoldingCell.swift */ = {isa = PBXFileReference; fileEncoding = 4; lastKnownFileType = sourcecode.swift; path = FoldingCell.swift; sourceTree = "<group>"; };
		EC81FAB31C8198AE00CDA20B /* TableViewBase.swift */ = {isa = PBXFileReference; fileEncoding = 4; lastKnownFileType = sourcecode.swift; path = TableViewBase.swift; sourceTree = "<group>"; };
		EC81FAB41C8198AE00CDA20B /* Cell.swift */ = {isa = PBXFileReference; fileEncoding = 4; lastKnownFileType = sourcecode.swift; path = Cell.swift; sourceTree = "<group>"; };
		EC81FAB81C81A3C500CDA20B /* DealLocations */ = {isa = PBXFileReference; fileEncoding = 4; lastKnownFileType = text; path = DealLocations; sourceTree = "<group>"; };
		EC81FABD1C81A57300CDA20B /* DealsTableView.swift */ = {isa = PBXFileReference; fileEncoding = 4; lastKnownFileType = sourcecode.swift; path = DealsTableView.swift; sourceTree = "<group>"; };
		EC81FAC51C81C0C400CDA20B /* ExpediaWebViewController.swift */ = {isa = PBXFileReference; fileEncoding = 4; lastKnownFileType = sourcecode.swift; path = ExpediaWebViewController.swift; sourceTree = "<group>"; };
		ECA814381C81CF4700DEB9D8 /* OneShotLocationManager.swift */ = {isa = PBXFileReference; fileEncoding = 4; lastKnownFileType = sourcecode.swift; path = OneShotLocationManager.swift; sourceTree = "<group>"; };
		ECA814721C821EB700DEB9D8 /* AddDatePicker.swift */ = {isa = PBXFileReference; fileEncoding = 4; lastKnownFileType = sourcecode.swift; path = AddDatePicker.swift; sourceTree = "<group>"; };
/* End PBXFileReference section */

/* Begin PBXFrameworksBuildPhase section */
		EC81FA7C1C81551300CDA20B /* Frameworks */ = {
			isa = PBXFrameworksBuildPhase;
			buildActionMask = 2147483647;
			files = (
				C08745FC9E943C13AA2262DE /* Pods_ChatPedia.framework in Frameworks */,
			);
			runOnlyForDeploymentPostprocessing = 0;
		};
		EC81FA921C81551300CDA20B /* Frameworks */ = {
			isa = PBXFrameworksBuildPhase;
			buildActionMask = 2147483647;
			files = (
			);
			runOnlyForDeploymentPostprocessing = 0;
		};
/* End PBXFrameworksBuildPhase section */

/* Begin PBXGroup section */
		70C7D0FCCA8850A7D318EE52 /* Pods */ = {
			isa = PBXGroup;
			children = (
				6C02DE0493397C695909F9AE /* Pods-ChatPedia.debug.xcconfig */,
				39A2D3D220EC1C52785FE02B /* Pods-ChatPedia.release.xcconfig */,
			);
			name = Pods;
			sourceTree = "<group>";
		};
		802F5CF50A8215F983025046 /* Frameworks */ = {
			isa = PBXGroup;
			children = (
				00E15C9177AACB7F1616434E /* Pods_ChatPedia.framework */,
			);
			name = Frameworks;
			sourceTree = "<group>";
		};
		D48703071C81AC9B00E4775E /* Resources */ = {
			isa = PBXGroup;
			children = (
				D487030C1C81ACC500E4775E /* CaviarDreams_Bold.ttf */,
				D487030A1C81ACBC00E4775E /* CaviarDreams.ttf */,
				D48703081C81ACB100E4775E /* LemonMilk.otf */,
			);
			name = Resources;
			sourceTree = "<group>";
		};
		EC81FA761C81551300CDA20B = {
			isa = PBXGroup;
			children = (
				EC81FA811C81551300CDA20B /* ChatPedia */,
				D48703071C81AC9B00E4775E /* Resources */,
				EC81FA981C81551300CDA20B /* ChatPediaTests */,
				EC81FA801C81551300CDA20B /* Products */,
				70C7D0FCCA8850A7D318EE52 /* Pods */,
				802F5CF50A8215F983025046 /* Frameworks */,
			);
			sourceTree = "<group>";
		};
		EC81FA801C81551300CDA20B /* Products */ = {
			isa = PBXGroup;
			children = (
				EC81FA7F1C81551300CDA20B /* ChatPedia.app */,
				EC81FA951C81551300CDA20B /* ChatPediaTests.xctest */,
			);
			name = Products;
			sourceTree = "<group>";
		};
		EC81FA811C81551300CDA20B /* ChatPedia */ = {
			isa = PBXGroup;
			children = (
				EC81FA821C81551300CDA20B /* AppDelegate.swift */,
				EC81FABC1C81A4AF00CDA20B /* Explore */,
				EC81FABA1C81A3E100CDA20B /* Deals */,
				EC81FABB1C81A49900CDA20B /* Favorites */,
				EC81FAB01C818E1100CDA20B /* Chat */,
				EC81FAB11C818E4800CDA20B /* View */,
				EC81FA881C81551300CDA20B /* Main.storyboard */,
				C34F57791C8161BA001B7D9F /* Utilities.storyboard */,
				EC81FA8B1C81551300CDA20B /* Assets.xcassets */,
				EC81FA8D1C81551300CDA20B /* LaunchScreen.storyboard */,
				ECA814381C81CF4700DEB9D8 /* OneShotLocationManager.swift */,
				EC81FA901C81551300CDA20B /* Info.plist */,
			);
			path = ChatPedia;
			sourceTree = "<group>";
		};
		EC81FA981C81551300CDA20B /* ChatPediaTests */ = {
			isa = PBXGroup;
			children = (
				EC81FA991C81551300CDA20B /* ChatPediaTests.swift */,
				EC81FA9B1C81551300CDA20B /* Info.plist */,
			);
			path = ChatPediaTests;
			sourceTree = "<group>";
		};
		EC81FAB01C818E1100CDA20B /* Chat */ = {
			isa = PBXGroup;
			children = (
				C34F577B1C816231001B7D9F /* GlobalEnums.swift */,
				EC81FA841C81551300CDA20B /* LoginViewController.swift */,
				C34F57751C815E31001B7D9F /* ChatTableViewController.swift */,
				C34F57831C8180DB001B7D9F /* HandleAuthProtocol.swift */,
				C34F57771C815E58001B7D9F /* ChatTableViewCell.swift */,
				EC81FA861C81551300CDA20B /* ChatViewController.swift */,
				C34F577F1C816969001B7D9F /* ChatMessage.swift */,
				C34F577D1C8166B1001B7D9F /* CurrentUser.swift */,
				C34F57811C816D75001B7D9F /* CoreFirebaseData.swift */,
			);
			name = Chat;
			sourceTree = "<group>";
		};
		EC81FAB11C818E4800CDA20B /* View */ = {
			isa = PBXGroup;
			children = (
				EC81FAB31C8198AE00CDA20B /* TableViewBase.swift */,
				EC81FAB21C8198AE00CDA20B /* FoldingCell.swift */,
				EC81FAB41C8198AE00CDA20B /* Cell.swift */,
			);
			name = View;
			sourceTree = "<group>";
		};
		EC81FABA1C81A3E100CDA20B /* Deals */ = {
			isa = PBXGroup;
			children = (
				C3D893E21C828E0E00D0A296 /* LinearProgressBar.swift */,
				C3D893E01C828DCF00D0A296 /* SweetAlert.swift */,
				EC81FAB81C81A3C500CDA20B /* DealLocations */,
				EC81FABD1C81A57300CDA20B /* DealsTableView.swift */,
				ECA814721C821EB700DEB9D8 /* AddDatePicker.swift */,
				EC81FAC51C81C0C400CDA20B /* ExpediaWebViewController.swift */,
			);
			name = Deals;
			sourceTree = "<group>";
		};
		EC81FABB1C81A49900CDA20B /* Favorites */ = {
			isa = PBXGroup;
			children = (
				D487030D1C82457800E4775E /* FavoritesTableViewController.swift */,
				D487030F1C82463400E4775E /* FavoritesTableViewCell.swift */,
				D48703111C82469400E4775E /* FavoritesCellImpl.swift */,
			);
			name = Favorites;
			sourceTree = "<group>";
		};
		EC81FABC1C81A4AF00CDA20B /* Explore */ = {
			isa = PBXGroup;
			children = (
				D48703131C82C1A200E4775E /* ExploreTableViewController.swift */,
				D48703151C82C29A00E4775E /* ExploreTableViewCell.swift */,
				D44B85941C82F43A00A793B1 /* ExploreDetailTableViewController.swift */,
				D44B85961C82F49C00A793B1 /* ExploreDetailTableViewCell.swift */,
				D44B85981C83347000A793B1 /* DetailTripVC.swift */,
			);
			name = Explore;
			sourceTree = "<group>";
		};
/* End PBXGroup section */

/* Begin PBXNativeTarget section */
		EC81FA7E1C81551300CDA20B /* ChatPedia */ = {
			isa = PBXNativeTarget;
			buildConfigurationList = EC81FA9E1C81551300CDA20B /* Build configuration list for PBXNativeTarget "ChatPedia" */;
			buildPhases = (
				B67A4AEE81326995D2BAAF33 /* Check Pods Manifest.lock */,
				EC81FA7B1C81551300CDA20B /* Sources */,
				EC81FA7C1C81551300CDA20B /* Frameworks */,
				EC81FA7D1C81551300CDA20B /* Resources */,
				13570462D25D9C9400DE6B4D /* Embed Pods Frameworks */,
				563B8C7A8E5470B6B2D77130 /* Copy Pods Resources */,
			);
			buildRules = (
			);
			dependencies = (
			);
			name = ChatPedia;
			productName = ChatPedia;
			productReference = EC81FA7F1C81551300CDA20B /* ChatPedia.app */;
			productType = "com.apple.product-type.application";
		};
		EC81FA941C81551300CDA20B /* ChatPediaTests */ = {
			isa = PBXNativeTarget;
			buildConfigurationList = EC81FAA11C81551300CDA20B /* Build configuration list for PBXNativeTarget "ChatPediaTests" */;
			buildPhases = (
				EC81FA911C81551300CDA20B /* Sources */,
				EC81FA921C81551300CDA20B /* Frameworks */,
				EC81FA931C81551300CDA20B /* Resources */,
			);
			buildRules = (
			);
			dependencies = (
				EC81FA971C81551300CDA20B /* PBXTargetDependency */,
			);
			name = ChatPediaTests;
			productName = ChatPediaTests;
			productReference = EC81FA951C81551300CDA20B /* ChatPediaTests.xctest */;
			productType = "com.apple.product-type.bundle.unit-test";
		};
/* End PBXNativeTarget section */

/* Begin PBXProject section */
		EC81FA771C81551300CDA20B /* Project object */ = {
			isa = PBXProject;
			attributes = {
				LastSwiftUpdateCheck = 0720;
				LastUpgradeCheck = 0720;
				ORGANIZATIONNAME = LaunchHackathon;
				TargetAttributes = {
					EC81FA7E1C81551300CDA20B = {
						CreatedOnToolsVersion = 7.2.1;
						DevelopmentTeam = 68KS6FN57P;
					};
					EC81FA941C81551300CDA20B = {
						CreatedOnToolsVersion = 7.2.1;
						DevelopmentTeam = EDUH3PA3FS;
						TestTargetID = EC81FA7E1C81551300CDA20B;
					};
				};
			};
			buildConfigurationList = EC81FA7A1C81551300CDA20B /* Build configuration list for PBXProject "ChatPedia" */;
			compatibilityVersion = "Xcode 3.2";
			developmentRegion = English;
			hasScannedForEncodings = 0;
			knownRegions = (
				en,
				Base,
			);
			mainGroup = EC81FA761C81551300CDA20B;
			productRefGroup = EC81FA801C81551300CDA20B /* Products */;
			projectDirPath = "";
			projectRoot = "";
			targets = (
				EC81FA7E1C81551300CDA20B /* ChatPedia */,
				EC81FA941C81551300CDA20B /* ChatPediaTests */,
			);
		};
/* End PBXProject section */

/* Begin PBXResourcesBuildPhase section */
		EC81FA7D1C81551300CDA20B /* Resources */ = {
			isa = PBXResourcesBuildPhase;
			buildActionMask = 2147483647;
			files = (
				EC81FA8F1C81551300CDA20B /* LaunchScreen.storyboard in Resources */,
				EC81FA8C1C81551300CDA20B /* Assets.xcassets in Resources */,
				D48703091C81ACB100E4775E /* LemonMilk.otf in Resources */,
				D487030B1C81ACBC00E4775E /* CaviarDreams.ttf in Resources */,
				EC81FA8A1C81551300CDA20B /* Main.storyboard in Resources */,
				EC81FAB91C81A3C500CDA20B /* DealLocations in Resources */,
				C34F577A1C8161BA001B7D9F /* Utilities.storyboard in Resources */,
			);
			runOnlyForDeploymentPostprocessing = 0;
		};
		EC81FA931C81551300CDA20B /* Resources */ = {
			isa = PBXResourcesBuildPhase;
			buildActionMask = 2147483647;
			files = (
			);
			runOnlyForDeploymentPostprocessing = 0;
		};
/* End PBXResourcesBuildPhase section */

/* Begin PBXShellScriptBuildPhase section */
		13570462D25D9C9400DE6B4D /* Embed Pods Frameworks */ = {
			isa = PBXShellScriptBuildPhase;
			buildActionMask = 2147483647;
			files = (
			);
			inputPaths = (
			);
			name = "Embed Pods Frameworks";
			outputPaths = (
			);
			runOnlyForDeploymentPostprocessing = 0;
			shellPath = /bin/sh;
			shellScript = "\"${SRCROOT}/Pods/Target Support Files/Pods-ChatPedia/Pods-ChatPedia-frameworks.sh\"\n";
			showEnvVarsInLog = 0;
		};
		563B8C7A8E5470B6B2D77130 /* Copy Pods Resources */ = {
			isa = PBXShellScriptBuildPhase;
			buildActionMask = 2147483647;
			files = (
			);
			inputPaths = (
			);
			name = "Copy Pods Resources";
			outputPaths = (
			);
			runOnlyForDeploymentPostprocessing = 0;
			shellPath = /bin/sh;
			shellScript = "\"${SRCROOT}/Pods/Target Support Files/Pods-ChatPedia/Pods-ChatPedia-resources.sh\"\n";
			showEnvVarsInLog = 0;
		};
		B67A4AEE81326995D2BAAF33 /* Check Pods Manifest.lock */ = {
			isa = PBXShellScriptBuildPhase;
			buildActionMask = 2147483647;
			files = (
			);
			inputPaths = (
			);
			name = "Check Pods Manifest.lock";
			outputPaths = (
			);
			runOnlyForDeploymentPostprocessing = 0;
			shellPath = /bin/sh;
			shellScript = "diff \"${PODS_ROOT}/../Podfile.lock\" \"${PODS_ROOT}/Manifest.lock\" > /dev/null\nif [[ $? != 0 ]] ; then\n    cat << EOM\nerror: The sandbox is not in sync with the Podfile.lock. Run 'pod install' or update your CocoaPods installation.\nEOM\n    exit 1\nfi\n";
			showEnvVarsInLog = 0;
		};
/* End PBXShellScriptBuildPhase section */

/* Begin PBXSourcesBuildPhase section */
		EC81FA7B1C81551300CDA20B /* Sources */ = {
			isa = PBXSourcesBuildPhase;
			buildActionMask = 2147483647;
			files = (
				EC81FA871C81551300CDA20B /* ChatViewController.swift in Sources */,
				C34F57801C816969001B7D9F /* ChatMessage.swift in Sources */,
				C34F57821C816D75001B7D9F /* CoreFirebaseData.swift in Sources */,
				D44B85991C83347000A793B1 /* DetailTripVC.swift in Sources */,
				D44B85951C82F43A00A793B1 /* ExploreDetailTableViewController.swift in Sources */,
				EC81FAC61C81C0C400CDA20B /* ExpediaWebViewController.swift in Sources */,
				EC81FA831C81551300CDA20B /* AppDelegate.swift in Sources */,
				C34F57781C815E58001B7D9F /* ChatTableViewCell.swift in Sources */,
				C3D893E31C828E0E00D0A296 /* LinearProgressBar.swift in Sources */,
				EC81FAB71C8198AE00CDA20B /* Cell.swift in Sources */,
				C34F577C1C816231001B7D9F /* GlobalEnums.swift in Sources */,
				EC81FA851C81551300CDA20B /* LoginViewController.swift in Sources */,
				C3D893E11C828DCF00D0A296 /* SweetAlert.swift in Sources */,
				D48703101C82463400E4775E /* FavoritesTableViewCell.swift in Sources */,
				EC81FAB51C8198AE00CDA20B /* FoldingCell.swift in Sources */,
				D487030E1C82457800E4775E /* FavoritesTableViewController.swift in Sources */,
				EC81FAB61C8198AE00CDA20B /* TableViewBase.swift in Sources */,
				ECA814391C81CF4700DEB9D8 /* OneShotLocationManager.swift in Sources */,
				D48703161C82C29A00E4775E /* ExploreTableViewCell.swift in Sources */,
				D48703121C82469400E4775E /* FavoritesCellImpl.swift in Sources */,
				C34F57841C8180DB001B7D9F /* HandleAuthProtocol.swift in Sources */,
				D44B85971C82F49C00A793B1 /* ExploreDetailTableViewCell.swift in Sources */,
				D48703141C82C1A200E4775E /* ExploreTableViewController.swift in Sources */,
				ECA814731C821EB700DEB9D8 /* AddDatePicker.swift in Sources */,
				C34F577E1C8166B1001B7D9F /* CurrentUser.swift in Sources */,
				C34F57761C815E31001B7D9F /* ChatTableViewController.swift in Sources */,
				EC81FABE1C81A57300CDA20B /* DealsTableView.swift in Sources */,
			);
			runOnlyForDeploymentPostprocessing = 0;
		};
		EC81FA911C81551300CDA20B /* Sources */ = {
			isa = PBXSourcesBuildPhase;
			buildActionMask = 2147483647;
			files = (
				EC81FA9A1C81551300CDA20B /* ChatPediaTests.swift in Sources */,
			);
			runOnlyForDeploymentPostprocessing = 0;
		};
/* End PBXSourcesBuildPhase section */

/* Begin PBXTargetDependency section */
		EC81FA971C81551300CDA20B /* PBXTargetDependency */ = {
			isa = PBXTargetDependency;
			target = EC81FA7E1C81551300CDA20B /* ChatPedia */;
			targetProxy = EC81FA961C81551300CDA20B /* PBXContainerItemProxy */;
		};
/* End PBXTargetDependency section */

/* Begin PBXVariantGroup section */
		EC81FA881C81551300CDA20B /* Main.storyboard */ = {
			isa = PBXVariantGroup;
			children = (
				EC81FA891C81551300CDA20B /* Base */,
			);
			name = Main.storyboard;
			sourceTree = "<group>";
		};
		EC81FA8D1C81551300CDA20B /* LaunchScreen.storyboard */ = {
			isa = PBXVariantGroup;
			children = (
				EC81FA8E1C81551300CDA20B /* Base */,
			);
			name = LaunchScreen.storyboard;
			sourceTree = "<group>";
		};
/* End PBXVariantGroup section */

/* Begin XCBuildConfiguration section */
		EC81FA9C1C81551300CDA20B /* Debug */ = {
			isa = XCBuildConfiguration;
			buildSettings = {
				ALWAYS_SEARCH_USER_PATHS = NO;
				CLANG_CXX_LANGUAGE_STANDARD = "gnu++0x";
				CLANG_CXX_LIBRARY = "libc++";
				CLANG_ENABLE_MODULES = YES;
				CLANG_ENABLE_OBJC_ARC = YES;
				CLANG_WARN_BOOL_CONVERSION = YES;
				CLANG_WARN_CONSTANT_CONVERSION = YES;
				CLANG_WARN_DIRECT_OBJC_ISA_USAGE = YES_ERROR;
				CLANG_WARN_EMPTY_BODY = YES;
				CLANG_WARN_ENUM_CONVERSION = YES;
				CLANG_WARN_INT_CONVERSION = YES;
				CLANG_WARN_OBJC_ROOT_CLASS = YES_ERROR;
				CLANG_WARN_UNREACHABLE_CODE = YES;
				CLANG_WARN__DUPLICATE_METHOD_MATCH = YES;
				"CODE_SIGN_IDENTITY[sdk=iphoneos*]" = "iPhone Developer";
				COPY_PHASE_STRIP = NO;
				DEBUG_INFORMATION_FORMAT = dwarf;
				ENABLE_STRICT_OBJC_MSGSEND = YES;
				ENABLE_TESTABILITY = YES;
				GCC_C_LANGUAGE_STANDARD = gnu99;
				GCC_DYNAMIC_NO_PIC = NO;
				GCC_NO_COMMON_BLOCKS = YES;
				GCC_OPTIMIZATION_LEVEL = 0;
				GCC_PREPROCESSOR_DEFINITIONS = (
					"DEBUG=1",
					"$(inherited)",
				);
				GCC_WARN_64_TO_32_BIT_CONVERSION = YES;
				GCC_WARN_ABOUT_RETURN_TYPE = YES_ERROR;
				GCC_WARN_UNDECLARED_SELECTOR = YES;
				GCC_WARN_UNINITIALIZED_AUTOS = YES_AGGRESSIVE;
				GCC_WARN_UNUSED_FUNCTION = YES;
				GCC_WARN_UNUSED_VARIABLE = YES;
				IPHONEOS_DEPLOYMENT_TARGET = 9.2;
				MTL_ENABLE_DEBUG_INFO = YES;
				ONLY_ACTIVE_ARCH = YES;
				SDKROOT = iphoneos;
				SWIFT_OPTIMIZATION_LEVEL = "-Onone";
				TARGETED_DEVICE_FAMILY = "1,2";
			};
			name = Debug;
		};
		EC81FA9D1C81551300CDA20B /* Release */ = {
			isa = XCBuildConfiguration;
			buildSettings = {
				ALWAYS_SEARCH_USER_PATHS = NO;
				CLANG_CXX_LANGUAGE_STANDARD = "gnu++0x";
				CLANG_CXX_LIBRARY = "libc++";
				CLANG_ENABLE_MODULES = YES;
				CLANG_ENABLE_OBJC_ARC = YES;
				CLANG_WARN_BOOL_CONVERSION = YES;
				CLANG_WARN_CONSTANT_CONVERSION = YES;
				CLANG_WARN_DIRECT_OBJC_ISA_USAGE = YES_ERROR;
				CLANG_WARN_EMPTY_BODY = YES;
				CLANG_WARN_ENUM_CONVERSION = YES;
				CLANG_WARN_INT_CONVERSION = YES;
				CLANG_WARN_OBJC_ROOT_CLASS = YES_ERROR;
				CLANG_WARN_UNREACHABLE_CODE = YES;
				CLANG_WARN__DUPLICATE_METHOD_MATCH = YES;
				"CODE_SIGN_IDENTITY[sdk=iphoneos*]" = "iPhone Developer";
				COPY_PHASE_STRIP = NO;
				DEBUG_INFORMATION_FORMAT = "dwarf-with-dsym";
				ENABLE_NS_ASSERTIONS = NO;
				ENABLE_STRICT_OBJC_MSGSEND = YES;
				GCC_C_LANGUAGE_STANDARD = gnu99;
				GCC_NO_COMMON_BLOCKS = YES;
				GCC_WARN_64_TO_32_BIT_CONVERSION = YES;
				GCC_WARN_ABOUT_RETURN_TYPE = YES_ERROR;
				GCC_WARN_UNDECLARED_SELECTOR = YES;
				GCC_WARN_UNINITIALIZED_AUTOS = YES_AGGRESSIVE;
				GCC_WARN_UNUSED_FUNCTION = YES;
				GCC_WARN_UNUSED_VARIABLE = YES;
				IPHONEOS_DEPLOYMENT_TARGET = 9.2;
				MTL_ENABLE_DEBUG_INFO = NO;
				SDKROOT = iphoneos;
				TARGETED_DEVICE_FAMILY = "1,2";
				VALIDATE_PRODUCT = YES;
			};
			name = Release;
		};
		EC81FA9F1C81551300CDA20B /* Debug */ = {
			isa = XCBuildConfiguration;
			baseConfigurationReference = 6C02DE0493397C695909F9AE /* Pods-ChatPedia.debug.xcconfig */;
			buildSettings = {
				ASSETCATALOG_COMPILER_APPICON_NAME = AppIcon;
				CODE_SIGN_IDENTITY = "iPhone Developer";
				"CODE_SIGN_IDENTITY[sdk=iphoneos*]" = "iPhone Developer";
				INFOPLIST_FILE = ChatPedia/Info.plist;
				LD_RUNPATH_SEARCH_PATHS = "$(inherited) @executable_path/Frameworks";
				PRODUCT_BUNDLE_IDENTIFIER = com.LaunchHackathon.ChatPedia;
				PRODUCT_NAME = "$(TARGET_NAME)";
				PROVISIONING_PROFILE = "";
			};
			name = Debug;
		};
		EC81FAA01C81551300CDA20B /* Release */ = {
			isa = XCBuildConfiguration;
			baseConfigurationReference = 39A2D3D220EC1C52785FE02B /* Pods-ChatPedia.release.xcconfig */;
			buildSettings = {
				ASSETCATALOG_COMPILER_APPICON_NAME = AppIcon;
				CODE_SIGN_IDENTITY = "iPhone Developer";
				"CODE_SIGN_IDENTITY[sdk=iphoneos*]" = "iPhone Developer";
				INFOPLIST_FILE = ChatPedia/Info.plist;
				LD_RUNPATH_SEARCH_PATHS = "$(inherited) @executable_path/Frameworks";
				PRODUCT_BUNDLE_IDENTIFIER = com.LaunchHackathon.ChatPedia;
				PRODUCT_NAME = "$(TARGET_NAME)";
				PROVISIONING_PROFILE = "";
			};
			name = Release;
		};
		EC81FAA21C81551300CDA20B /* Debug */ = {
			isa = XCBuildConfiguration;
			buildSettings = {
				BUNDLE_LOADER = "$(TEST_HOST)";
				INFOPLIST_FILE = ChatPediaTests/Info.plist;
				LD_RUNPATH_SEARCH_PATHS = "$(inherited) @executable_path/Frameworks @loader_path/Frameworks";
				PRODUCT_BUNDLE_IDENTIFIER = com.LaunchHackathon.ChatPediaTests;
				PRODUCT_NAME = "$(TARGET_NAME)";
				TEST_HOST = "$(BUILT_PRODUCTS_DIR)/ChatPedia.app/ChatPedia";
			};
			name = Debug;
		};
		EC81FAA31C81551300CDA20B /* Release */ = {
			isa = XCBuildConfiguration;
			buildSettings = {
				BUNDLE_LOADER = "$(TEST_HOST)";
				INFOPLIST_FILE = ChatPediaTests/Info.plist;
				LD_RUNPATH_SEARCH_PATHS = "$(inherited) @executable_path/Frameworks @loader_path/Frameworks";
				PRODUCT_BUNDLE_IDENTIFIER = com.LaunchHackathon.ChatPediaTests;
				PRODUCT_NAME = "$(TARGET_NAME)";
				TEST_HOST = "$(BUILT_PRODUCTS_DIR)/ChatPedia.app/ChatPedia";
			};
			name = Release;
		};
/* End XCBuildConfiguration section */

/* Begin XCConfigurationList section */
		EC81FA7A1C81551300CDA20B /* Build configuration list for PBXProject "ChatPedia" */ = {
			isa = XCConfigurationList;
			buildConfigurations = (
				EC81FA9C1C81551300CDA20B /* Debug */,
				EC81FA9D1C81551300CDA20B /* Release */,
			);
			defaultConfigurationIsVisible = 0;
			defaultConfigurationName = Release;
		};
		EC81FA9E1C81551300CDA20B /* Build configuration list for PBXNativeTarget "ChatPedia" */ = {
			isa = XCConfigurationList;
			buildConfigurations = (
				EC81FA9F1C81551300CDA20B /* Debug */,
				EC81FAA01C81551300CDA20B /* Release */,
			);
			defaultConfigurationIsVisible = 0;
			defaultConfigurationName = Release;
		};
		EC81FAA11C81551300CDA20B /* Build configuration list for PBXNativeTarget "ChatPediaTests" */ = {
			isa = XCConfigurationList;
			buildConfigurations = (
				EC81FAA21C81551300CDA20B /* Debug */,
				EC81FAA31C81551300CDA20B /* Release */,
			);
			defaultConfigurationIsVisible = 0;
			defaultConfigurationName = Release;
		};
/* End XCConfigurationList section */
	};
	rootObject = EC81FA771C81551300CDA20B /* Project object */;
}
